
Microsoft Visual Studio Solution File, Format Version 12.00
# Visual Studio Version 17
VisualStudioVersion = 17.0.31903.59
MinimumVisualStudioVersion = 10.0.40219.1
Project("{FAE04EC0-301F-11D3-BF4B-00C04F79EFBC}") = "wasm", "wasm\wasm.csproj", "{87C38588-BA3D-437A-9840-209014D4C981}"
EndProject
Project("{FAE04EC0-301F-11D3-BF4B-00C04F79EFBC}") = "common", "common\common.csproj", "{3D90C1EE-DECF-4114-9CEA-492C99577573}"
EndProject
Project("{FAE04EC0-301F-11D3-BF4B-00C04F79EFBC}") = "grpc", "grpc\grpc.csproj", "{54A9CC32-E5C4-433A-9124-200597A4C26C}"
EndProject
Global
	GlobalSection(SolutionConfigurationPlatforms) = preSolution
		Debug|Any CPU = Debug|Any CPU
		Release|Any CPU = Release|Any CPU
	EndGlobalSection
	GlobalSection(SolutionProperties) = preSolution
		HideSolutionNode = FALSE
	EndGlobalSection
	GlobalSection(ProjectConfigurationPlatforms) = postSolution
		{87C38588-BA3D-437A-9840-209014D4C981}.Debug|Any CPU.ActiveCfg = Debug|Any CPU
		{87C38588-BA3D-437A-9840-209014D4C981}.Debug|Any CPU.Build.0 = Debug|Any CPU
		{87C38588-BA3D-437A-9840-209014D4C981}.Release|Any CPU.ActiveCfg = Release|Any CPU
		{87C38588-BA3D-437A-9840-209014D4C981}.Release|Any CPU.Build.0 = Release|Any CPU
		{3D90C1EE-DECF-4114-9CEA-492C99577573}.Debug|Any CPU.ActiveCfg = Debug|Any CPU
		{3D90C1EE-DECF-4114-9CEA-492C99577573}.Debug|Any CPU.Build.0 = Debug|Any CPU
		{3D90C1EE-DECF-4114-9CEA-492C99577573}.Release|Any CPU.ActiveCfg = Release|Any CPU
		{3D90C1EE-DECF-4114-9CEA-492C99577573}.Release|Any CPU.Build.0 = Release|Any CPU
		{54A9CC32-E5C4-433A-9124-200597A4C26C}.Debug|Any CPU.ActiveCfg = Debug|Any CPU
		{54A9CC32-E5C4-433A-9124-200597A4C26C}.Debug|Any CPU.Build.0 = Debug|Any CPU
		{54A9CC32-E5C4-433A-9124-200597A4C26C}.Release|Any CPU.ActiveCfg = Release|Any CPU
		{54A9CC32-E5C4-433A-9124-200597A4C26C}.Release|Any CPU.Build.0 = Release|Any CPU
	EndGlobalSection
EndGlobal
