
Microsoft Visual Studio Solution File, Format Version 12.00
# Visual Studio Version 17
VisualStudioVersion = 17.0.31903.59
MinimumVisualStudioVersion = 10.0.40219.1
Project("{FAE04EC0-301F-11D3-BF4B-00C04F79EFBC}") = "console", "console\console.csproj", "{0A2C6756-0A31-4864-8239-6FDE0AB05927}"
EndProject
Project("{FAE04EC0-301F-11D3-BF4B-00C04F79EFBC}") = "unitaire", "unitaire\unitaire.csproj", "{ABB80C82-6A3D-4D3B-A491-CE0DB5B7FD5F}"
EndProject
Global
	GlobalSection(SolutionConfigurationPlatforms) = preSolution
		Debug|Any CPU = Debug|Any CPU
		Release|Any CPU = Release|Any CPU
	EndGlobalSection
	GlobalSection(SolutionProperties) = preSolution
		HideSolutionNode = FALSE
	EndGlobalSection
	GlobalSection(ProjectConfigurationPlatforms) = postSolution
		{0A2C6756-0A31-4864-8239-6FDE0AB05927}.Debug|Any CPU.ActiveCfg = Debug|Any CPU
		{0A2C6756-0A31-4864-8239-6FDE0AB05927}.Debug|Any CPU.Build.0 = Debug|Any CPU
		{0A2C6756-0A31-4864-8239-6FDE0AB05927}.Release|Any CPU.ActiveCfg = Release|Any CPU
		{0A2C6756-0A31-4864-8239-6FDE0AB05927}.Release|Any CPU.Build.0 = Release|Any CPU
		{ABB80C82-6A3D-4D3B-A491-CE0DB5B7FD5F}.Debug|Any CPU.ActiveCfg = Debug|Any CPU
		{ABB80C82-6A3D-4D3B-A491-CE0DB5B7FD5F}.Debug|Any CPU.Build.0 = Debug|Any CPU
		{ABB80C82-6A3D-4D3B-A491-CE0DB5B7FD5F}.Release|Any CPU.ActiveCfg = Release|Any CPU
		{ABB80C82-6A3D-4D3B-A491-CE0DB5B7FD5F}.Release|Any CPU.Build.0 = Release|Any CPU
	EndGlobalSection
EndGlobal
